
Microsoft Visual Studio Solution File, Format Version 12.00
# Visual Studio Version 16
VisualStudioVersion = 16.0.31624.102
MinimumVisualStudioVersion = 10.0.40219.1
Project("{FAE04EC0-301F-11D3-BF4B-00C04F79EFBC}") = "CinEra", "CinEra\CinEra.csproj", "{EE8C3B18-32F3-4CFF-A1ED-09FB4E6C59ED}"
EndProject
Global
	GlobalSection(SolutionConfigurationPlatforms) = preSolution
		Debug|Any CPU = Debug|Any CPU
		Release|Any CPU = Release|Any CPU
	EndGlobalSection
	GlobalSection(ProjectConfigurationPlatforms) = postSolution
		{EE8C3B18-32F3-4CFF-A1ED-09FB4E6C59ED}.Debug|Any CPU.ActiveCfg = Debug|Any CPU
		{EE8C3B18-32F3-4CFF-A1ED-09FB4E6C59ED}.Debug|Any CPU.Build.0 = Debug|Any CPU
		{EE8C3B18-32F3-4CFF-A1ED-09FB4E6C59ED}.Release|Any CPU.ActiveCfg = Release|Any CPU
		{EE8C3B18-32F3-4CFF-A1ED-09FB4E6C59ED}.Release|Any CPU.Build.0 = Release|Any CPU
	EndGlobalSection
	GlobalSection(SolutionProperties) = preSolution
		HideSolutionNode = FALSE
	EndGlobalSection
	GlobalSection(ExtensibilityGlobals) = postSolution
		SolutionGuid = {3EF96F48-521A-40CD-AAFA-B35637671E98}
	EndGlobalSection
EndGlobal
